version = 1
requires-python = ">=3.10"

[[package]]
name = "boltz-client"
version = "0.1.0"
source = { editable = "." }
dependencies = [
    { name = "maturin", extra = ["patchelf"] },
]

[package.metadata]
requires-dist = [{ name = "maturin", extras = ["patchelf"], specifier = ">=1.8.3" }]

[[package]]
name = "maturin"
version = "1.8.3"
source = { registry = "https://pypi.org/simple" }
dependencies = [
    { name = "tomli", marker = "python_full_version < '3.11'" },
]
sdist = { url = "https://files.pythonhosted.org/packages/30/0b/3fd746cf5cfa3c8d7e20ea08c0dbc2c2c765ae051d0fc43d808a38bc9548/maturin-1.8.3.tar.gz", hash = "sha256:304762f86fd53a8031b1bf006d12572a2aa0a5235485031113195cc0152e1e12", size = 199656 }
wheels = [
    { url = "https://files.pythonhosted.org/packages/78/80/08579d0184ba743345bbd350a3b6419510ff8a4f6e9e671f713160d41fbb/maturin-1.8.3-py3-none-linux_armv6l.whl", hash = "sha256:fa27466b627150123729b2e611f9f9cfade84d24385d72c6877f78c30de30e89", size = 7758366 },
    { url = "https://files.pythonhosted.org/packages/87/1c/00755d28ae277daa828e183c3d118e2923e8b8f0cba4ff708b15d274ac0e/maturin-1.8.3-py3-none-macosx_10_12_x86_64.macosx_11_0_arm64.macosx_10_12_universal2.whl", hash = "sha256:583404d20d7f1d9c8f3c18dcab9014faacabbed6be02da80062c06cd0e279554", size = 15201378 },
    { url = "https://files.pythonhosted.org/packages/58/9f/b8738dc55ba3eb149ad2686d3f9b3c24e44b7baff46cc6baa85e5dc8cf5e/maturin-1.8.3-py3-none-macosx_10_12_x86_64.whl", hash = "sha256:f9ffdac53dfe0089cf19b597410bc552eb34c856ddb41482b243a695e8b549d3", size = 7934215 },
    { url = "https://files.pythonhosted.org/packages/18/68/300f1a279486d6f63b624a76b81f0fba82545d027127c1ca4d5ded0d1b43/maturin-1.8.3-py3-none-manylinux_2_12_i686.manylinux2010_i686.musllinux_1_1_i686.whl", hash = "sha256:7949a4a17637341f84e88f4cbf0c155998780bbb7a145ed735725b907881c0ae", size = 7791270 },
    { url = "https://files.pythonhosted.org/packages/2e/6d/bf1b8bb9a8b1d9adad242b4089794be318446142975762d04f04ffabae40/maturin-1.8.3-py3-none-manylinux_2_12_x86_64.manylinux2010_x86_64.musllinux_1_1_x86_64.whl", hash = "sha256:11564fac7486313b7baf3aa4e82c20e1b20364aad3fde2ccbc4c07693c0b7e16", size = 8282824 },
    { url = "https://files.pythonhosted.org/packages/18/e9/c601de8699e546774d3f9e761eab374988f88e4ed7006afbb5ff61bb41c0/maturin-1.8.3-py3-none-manylinux_2_17_aarch64.manylinux2014_aarch64.musllinux_1_1_aarch64.whl", hash = "sha256:8555d8701cdba6c19c4705a22ce4d2a1814efd792f55dc5873262ff903317540", size = 7595855 },
    { url = "https://files.pythonhosted.org/packages/34/b8/82ae650e6b589289f4219a480f2b220bcf3d9391ae9ea02cc7a58ef59cfc/maturin-1.8.3-py3-none-manylinux_2_17_armv7l.manylinux2014_armv7l.musllinux_1_1_armv7l.whl", hash = "sha256:5b2a513468c1c9b4d1728d4b6d3d044b7c183985ef819c9ef15e373b70d99c7d", size = 7634888 },
    { url = "https://files.pythonhosted.org/packages/ac/4a/4f898a66cf4697267c447a6f240b6cbcc2dcacd3cab89735bfbd44810be1/maturin-1.8.3-py3-none-manylinux_2_17_ppc64le.manylinux2014_ppc64le.musllinux_1_1_ppc64le.whl", hash = "sha256:2fe8fdff420cfccde127bbc3d8e40835163dcebb6d28c49fffd9aaf1e6ec1090", size = 9810616 },
    { url = "https://files.pythonhosted.org/packages/31/bd/21b0d471e6ade0801f27c33672bca4d563eb1d1e624e534f3bef8a01b1ac/maturin-1.8.3-py3-none-manylinux_2_17_s390x.manylinux2014_s390x.whl", hash = "sha256:22cd8b6dc490fee99a62590f914f0c04ddad1dd6dbd5c7e933b3f882b1bd78c2", size = 10923701 },
    { url = "https://files.pythonhosted.org/packages/6c/07/85c32f03ed757c0626e2fc5a9d6454988228be96a756991702a2a757691b/maturin-1.8.3-py3-none-win32.whl", hash = "sha256:2427924546c9d1079b1c0c6c5c1d380e1b8187baba4e6342cca81597a0f3d697", size = 7016502 },
    { url = "https://files.pythonhosted.org/packages/d5/62/f92a130a370dd7aca13c316844b82853647f048cfe1594a81f628ab7101f/maturin-1.8.3-py3-none-win_amd64.whl", hash = "sha256:85f2b882d8235c1c1cb0a38d382ccd5b3ba0674d99cb548d49df9342cc688e36", size = 7953286 },
    { url = "https://files.pythonhosted.org/packages/04/95/8379140838cd95472de843e982d0bf674e8dbf25a899c44e2f76b15704d9/maturin-1.8.3-py3-none-win_arm64.whl", hash = "sha256:33939aabf9a06a8a14ca6c399d32616c7e574fcca8d4ff6dcd984441051f32fb", size = 6687772 },
]

[package.optional-dependencies]
patchelf = [
    { name = "patchelf" },
]

[[package]]
name = "patchelf"
version = "0.17.2.2"
source = { registry = "https://pypi.org/simple" }
sdist = { url = "https://files.pythonhosted.org/packages/0d/41/dc3ee5838db2d90be935adb53ae7745135d9c719d070b1989b246f983c7f/patchelf-0.17.2.2.tar.gz", hash = "sha256:080b2ac3074fd4ab257700088e82470425e56609aa0dd07abe548f04b7b3b007", size = 149517 }
wheels = [
    { url = "https://files.pythonhosted.org/packages/a0/80/1bf161e57b8310943220d41d8018ca54bc73a61591114475a9402a72be45/patchelf-0.17.2.2-py3-none-macosx_10_9_universal2.whl", hash = "sha256:47b558db8f7dccc6262e930631991ecdd053724c1d8daf3df5ce03813438da10", size = 184420 },
    { url = "https://files.pythonhosted.org/packages/8d/15/25b5d10d971f509fe6bc8951b855f0f05be4c24e0dd1616c14a6e1a9116a/patchelf-0.17.2.2-py3-none-manylinux1_i686.manylinux_2_5_i686.musllinux_1_1_i686.whl", hash = "sha256:3b8a4d7cccac04d8231dec321245611bf147b199cbf4da305d1a364ff689fb58", size = 524182 },
    { url = "https://files.pythonhosted.org/packages/f2/f9/e070956e350ccdfdf059251836f757ad91ac0c01b0ba3e033ea7188d8d42/patchelf-0.17.2.2-py3-none-manylinux1_x86_64.manylinux_2_5_x86_64.musllinux_1_1_x86_64.whl", hash = "sha256:e334ebb1c5aa9fc740fd95ebe449271899fe1e45a3eb0941300b304f7e3d1299", size = 466519 },
    { url = "https://files.pythonhosted.org/packages/56/0d/dc3ac6c6e9e9d0d3e40bee1abe95a07034f83627319e60a7dc9abdbfafee/patchelf-0.17.2.2-py3-none-manylinux2014_aarch64.manylinux_2_17_aarch64.musllinux_1_1_aarch64.whl", hash = "sha256:3d32cd69442a229724f7f071b61cef1f87ccd80cf755af0b1ecefd553fa9ae3f", size = 462123 },
    { url = "https://files.pythonhosted.org/packages/1e/f6/b842b19c2b72df1c524ab3793c3ec9cf3926c7c841e0b64b34f95d7fb806/patchelf-0.17.2.2-py3-none-manylinux2014_armv7l.manylinux_2_17_armv7l.musllinux_1_1_armv7l.whl", hash = "sha256:05f6bbdbe484439cb025e20c60abd37e432e6798dfa3f39a072e6b7499072a8c", size = 412347 },
    { url = "https://files.pythonhosted.org/packages/a8/0b/33eb3087703d903dd01cf6b0d64e067bf3718a5e8b1239bc6fc2c4b1fdb2/patchelf-0.17.2.2-py3-none-manylinux2014_ppc64le.manylinux_2_17_ppc64le.musllinux_1_1_ppc64le.whl", hash = "sha256:b54e79ceb444ec6a536a5dc2e8fc9c771ec6a1fa7d5f4dbb3dc0e5b8e5ff82e1", size = 522827 },
    { url = "https://files.pythonhosted.org/packages/4f/25/6379dc26714b5a40f51b3c7927d668b00a51517e857da7f3cb09d1d0bcb6/patchelf-0.17.2.2-py3-none-manylinux2014_s390x.manylinux_2_17_s390x.musllinux_1_1_s390x.whl", hash = "sha256:24374cdbd9a072230339024fb6922577cb3231396640610b069f678bc483f21e", size = 565961 },
]

[[package]]
name = "tomli"
version = "2.2.1"
source = { registry = "https://pypi.org/simple" }
sdist = { url = "https://files.pythonhosted.org/packages/18/87/302344fed471e44a87289cf4967697d07e532f2421fdaf868a303cbae4ff/tomli-2.2.1.tar.gz", hash = "sha256:cd45e1dc79c835ce60f7404ec8119f2eb06d38b1deba146f07ced3bbc44505ff", size = 17175 }
wheels = [
    { url = "https://files.pythonhosted.org/packages/43/ca/75707e6efa2b37c77dadb324ae7d9571cb424e61ea73fad7c56c2d14527f/tomli-2.2.1-cp311-cp311-macosx_10_9_x86_64.whl", hash = "sha256:678e4fa69e4575eb77d103de3df8a895e1591b48e740211bd1067378c69e8249", size = 131077 },
    { url = "https://files.pythonhosted.org/packages/c7/16/51ae563a8615d472fdbffc43a3f3d46588c264ac4f024f63f01283becfbb/tomli-2.2.1-cp311-cp311-macosx_11_0_arm64.whl", hash = "sha256:023aa114dd824ade0100497eb2318602af309e5a55595f76b626d6d9f3b7b0a6", size = 123429 },
    { url = "https://files.pythonhosted.org/packages/f1/dd/4f6cd1e7b160041db83c694abc78e100473c15d54620083dbd5aae7b990e/tomli-2.2.1-cp311-cp311-manylinux_2_17_aarch64.manylinux2014_aarch64.whl", hash = "sha256:ece47d672db52ac607a3d9599a9d48dcb2f2f735c6c2d1f34130085bb12b112a", size = 226067 },
    { url = "https://files.pythonhosted.org/packages/a9/6b/c54ede5dc70d648cc6361eaf429304b02f2871a345bbdd51e993d6cdf550/tomli-2.2.1-cp311-cp311-manylinux_2_17_x86_64.manylinux2014_x86_64.whl", hash = "sha256:6972ca9c9cc9f0acaa56a8ca1ff51e7af152a9f87fb64623e31d5c83700080ee", size = 236030 },
    { url = "https://files.pythonhosted.org/packages/1f/47/999514fa49cfaf7a92c805a86c3c43f4215621855d151b61c602abb38091/tomli-2.2.1-cp311-cp311-manylinux_2_5_i686.manylinux1_i686.manylinux_2_17_i686.manylinux2014_i686.whl", hash = "sha256:c954d2250168d28797dd4e3ac5cf812a406cd5a92674ee4c8f123c889786aa8e", size = 240898 },
    { url = "https://files.pythonhosted.org/packages/73/41/0a01279a7ae09ee1573b423318e7934674ce06eb33f50936655071d81a24/tomli-2.2.1-cp311-cp311-musllinux_1_2_aarch64.whl", hash = "sha256:8dd28b3e155b80f4d54beb40a441d366adcfe740969820caf156c019fb5c7ec4", size = 229894 },
    { url = "https://files.pythonhosted.org/packages/55/18/5d8bc5b0a0362311ce4d18830a5d28943667599a60d20118074ea1b01bb7/tomli-2.2.1-cp311-cp311-musllinux_1_2_i686.whl", hash = "sha256:e59e304978767a54663af13c07b3d1af22ddee3bb2fb0618ca1593e4f593a106", size = 245319 },
    { url = "https://files.pythonhosted.org/packages/92/a3/7ade0576d17f3cdf5ff44d61390d4b3febb8a9fc2b480c75c47ea048c646/tomli-2.2.1-cp311-cp311-musllinux_1_2_x86_64.whl", hash = "sha256:33580bccab0338d00994d7f16f4c4ec25b776af3ffaac1ed74e0b3fc95e885a8", size = 238273 },
    { url = "https://files.pythonhosted.org/packages/72/6f/fa64ef058ac1446a1e51110c375339b3ec6be245af9d14c87c4a6412dd32/tomli-2.2.1-cp311-cp311-win32.whl", hash = "sha256:465af0e0875402f1d226519c9904f37254b3045fc5084697cefb9bdde1ff99ff", size = 98310 },
    { url = "https://files.pythonhosted.org/packages/6a/1c/4a2dcde4a51b81be3530565e92eda625d94dafb46dbeb15069df4caffc34/tomli-2.2.1-cp311-cp311-win_amd64.whl", hash = "sha256:2d0f2fdd22b02c6d81637a3c95f8cd77f995846af7414c5c4b8d0545afa1bc4b", size = 108309 },
    { url = "https://files.pythonhosted.org/packages/52/e1/f8af4c2fcde17500422858155aeb0d7e93477a0d59a98e56cbfe75070fd0/tomli-2.2.1-cp312-cp312-macosx_10_13_x86_64.whl", hash = "sha256:4a8f6e44de52d5e6c657c9fe83b562f5f4256d8ebbfe4ff922c495620a7f6cea", size = 132762 },
    { url = "https://files.pythonhosted.org/packages/03/b8/152c68bb84fc00396b83e7bbddd5ec0bd3dd409db4195e2a9b3e398ad2e3/tomli-2.2.1-cp312-cp312-macosx_11_0_arm64.whl", hash = "sha256:8d57ca8095a641b8237d5b079147646153d22552f1c637fd3ba7f4b0b29167a8", size = 123453 },
    { url = "https://files.pythonhosted.org/packages/c8/d6/fc9267af9166f79ac528ff7e8c55c8181ded34eb4b0e93daa767b8841573/tomli-2.2.1-cp312-cp312-manylinux_2_17_aarch64.manylinux2014_aarch64.whl", hash = "sha256:4e340144ad7ae1533cb897d406382b4b6fede8890a03738ff1683af800d54192", size = 233486 },
    { url = "https://files.pythonhosted.org/packages/5c/51/51c3f2884d7bab89af25f678447ea7d297b53b5a3b5730a7cb2ef6069f07/tomli-2.2.1-cp312-cp312-manylinux_2_17_x86_64.manylinux2014_x86_64.whl", hash = "sha256:db2b95f9de79181805df90bedc5a5ab4c165e6ec3fe99f970d0e302f384ad222", size = 242349 },
    { url = "https://files.pythonhosted.org/packages/ab/df/bfa89627d13a5cc22402e441e8a931ef2108403db390ff3345c05253935e/tomli-2.2.1-cp312-cp312-manylinux_2_5_i686.manylinux1_i686.manylinux_2_17_i686.manylinux2014_i686.whl", hash = "sha256:40741994320b232529c802f8bc86da4e1aa9f413db394617b9a256ae0f9a7f77", size = 252159 },
    { url = "https://files.pythonhosted.org/packages/9e/6e/fa2b916dced65763a5168c6ccb91066f7639bdc88b48adda990db10c8c0b/tomli-2.2.1-cp312-cp312-musllinux_1_2_aarch64.whl", hash = "sha256:400e720fe168c0f8521520190686ef8ef033fb19fc493da09779e592861b78c6", size = 237243 },
    { url = "https://files.pythonhosted.org/packages/b4/04/885d3b1f650e1153cbb93a6a9782c58a972b94ea4483ae4ac5cedd5e4a09/tomli-2.2.1-cp312-cp312-musllinux_1_2_i686.whl", hash = "sha256:02abe224de6ae62c19f090f68da4e27b10af2b93213d36cf44e6e1c5abd19fdd", size = 259645 },
    { url = "https://files.pythonhosted.org/packages/9c/de/6b432d66e986e501586da298e28ebeefd3edc2c780f3ad73d22566034239/tomli-2.2.1-cp312-cp312-musllinux_1_2_x86_64.whl", hash = "sha256:b82ebccc8c8a36f2094e969560a1b836758481f3dc360ce9a3277c65f374285e", size = 244584 },
    { url = "https://files.pythonhosted.org/packages/1c/9a/47c0449b98e6e7d1be6cbac02f93dd79003234ddc4aaab6ba07a9a7482e2/tomli-2.2.1-cp312-cp312-win32.whl", hash = "sha256:889f80ef92701b9dbb224e49ec87c645ce5df3fa2cc548664eb8a25e03127a98", size = 98875 },
    { url = "https://files.pythonhosted.org/packages/ef/60/9b9638f081c6f1261e2688bd487625cd1e660d0a85bd469e91d8db969734/tomli-2.2.1-cp312-cp312-win_amd64.whl", hash = "sha256:7fc04e92e1d624a4a63c76474610238576942d6b8950a2d7f908a340494e67e4", size = 109418 },
    { url = "https://files.pythonhosted.org/packages/04/90/2ee5f2e0362cb8a0b6499dc44f4d7d48f8fff06d28ba46e6f1eaa61a1388/tomli-2.2.1-cp313-cp313-macosx_10_13_x86_64.whl", hash = "sha256:f4039b9cbc3048b2416cc57ab3bda989a6fcf9b36cf8937f01a6e731b64f80d7", size = 132708 },
    { url = "https://files.pythonhosted.org/packages/c0/ec/46b4108816de6b385141f082ba99e315501ccd0a2ea23db4a100dd3990ea/tomli-2.2.1-cp313-cp313-macosx_11_0_arm64.whl", hash = "sha256:286f0ca2ffeeb5b9bd4fcc8d6c330534323ec51b2f52da063b11c502da16f30c", size = 123582 },
    { url = "https://files.pythonhosted.org/packages/a0/bd/b470466d0137b37b68d24556c38a0cc819e8febe392d5b199dcd7f578365/tomli-2.2.1-cp313-cp313-manylinux_2_17_aarch64.manylinux2014_aarch64.whl", hash = "sha256:a92ef1a44547e894e2a17d24e7557a5e85a9e1d0048b0b5e7541f76c5032cb13", size = 232543 },
    { url = "https://files.pythonhosted.org/packages/d9/e5/82e80ff3b751373f7cead2815bcbe2d51c895b3c990686741a8e56ec42ab/tomli-2.2.1-cp313-cp313-manylinux_2_17_x86_64.manylinux2014_x86_64.whl", hash = "sha256:9316dc65bed1684c9a98ee68759ceaed29d229e985297003e494aa825ebb0281", size = 241691 },
    { url = "https://files.pythonhosted.org/packages/05/7e/2a110bc2713557d6a1bfb06af23dd01e7dde52b6ee7dadc589868f9abfac/tomli-2.2.1-cp313-cp313-manylinux_2_5_i686.manylinux1_i686.manylinux_2_17_i686.manylinux2014_i686.whl", hash = "sha256:e85e99945e688e32d5a35c1ff38ed0b3f41f43fad8df0bdf79f72b2ba7bc5272", size = 251170 },
    { url = "https://files.pythonhosted.org/packages/64/7b/22d713946efe00e0adbcdfd6d1aa119ae03fd0b60ebed51ebb3fa9f5a2e5/tomli-2.2.1-cp313-cp313-musllinux_1_2_aarch64.whl", hash = "sha256:ac065718db92ca818f8d6141b5f66369833d4a80a9d74435a268c52bdfa73140", size = 236530 },
    { url = "https://files.pythonhosted.org/packages/38/31/3a76f67da4b0cf37b742ca76beaf819dca0ebef26d78fc794a576e08accf/tomli-2.2.1-cp313-cp313-musllinux_1_2_i686.whl", hash = "sha256:d920f33822747519673ee656a4b6ac33e382eca9d331c87770faa3eef562aeb2", size = 258666 },
    { url = "https://files.pythonhosted.org/packages/07/10/5af1293da642aded87e8a988753945d0cf7e00a9452d3911dd3bb354c9e2/tomli-2.2.1-cp313-cp313-musllinux_1_2_x86_64.whl", hash = "sha256:a198f10c4d1b1375d7687bc25294306e551bf1abfa4eace6650070a5c1ae2744", size = 243954 },
    { url = "https://files.pythonhosted.org/packages/5b/b9/1ed31d167be802da0fc95020d04cd27b7d7065cc6fbefdd2f9186f60d7bd/tomli-2.2.1-cp313-cp313-win32.whl", hash = "sha256:d3f5614314d758649ab2ab3a62d4f2004c825922f9e370b29416484086b264ec", size = 98724 },
    { url = "https://files.pythonhosted.org/packages/c7/32/b0963458706accd9afcfeb867c0f9175a741bf7b19cd424230714d722198/tomli-2.2.1-cp313-cp313-win_amd64.whl", hash = "sha256:a38aa0308e754b0e3c67e344754dff64999ff9b513e691d0e786265c93583c69", size = 109383 },
    { url = "https://files.pythonhosted.org/packages/6e/c2/61d3e0f47e2b74ef40a68b9e6ad5984f6241a942f7cd3bbfbdbd03861ea9/tomli-2.2.1-py3-none-any.whl", hash = "sha256:cb55c73c5f4408779d0cf3eef9f762b9c9f147a77de7b258bef0a5628adc85cc", size = 14257 },
]
